
Microsoft Visual Studio Solution File, Format Version 12.00
Project("{FAE04EC0-301F-11D3-BF4B-00C04F79EFBC}") = "Scribble", "Scribble\Scribble.csproj", "{30FDEC34-B5F5-4AEE-BE13-402A019AF6A5}"
EndProject
Project("{FAE04EC0-301F-11D3-BF4B-00C04F79EFBC}") = "Docs", "Docs\Docs.csproj", "{D6E4F666-B221-485F-A655-62C97CDA05A7}"
EndProject
Global
	GlobalSection(SolutionConfigurationPlatforms) = preSolution
		Debug|Any CPU = Debug|Any CPU
		Release|Any CPU = Release|Any CPU
	EndGlobalSection
	GlobalSection(ProjectConfigurationPlatforms) = postSolution
		{30FDEC34-B5F5-4AEE-BE13-402A019AF6A5}.Debug|Any CPU.ActiveCfg = Debug|Any CPU
		{30FDEC34-B5F5-4AEE-BE13-402A019AF6A5}.Debug|Any CPU.Build.0 = Debug|Any CPU
		{30FDEC34-B5F5-4AEE-BE13-402A019AF6A5}.Release|Any CPU.ActiveCfg = Release|Any CPU
		{30FDEC34-B5F5-4AEE-BE13-402A019AF6A5}.Release|Any CPU.Build.0 = Release|Any CPU
		{D6E4F666-B221-485F-A655-62C97CDA05A7}.Debug|Any CPU.ActiveCfg = Debug|Any CPU
		{D6E4F666-B221-485F-A655-62C97CDA05A7}.Debug|Any CPU.Build.0 = Debug|Any CPU
		{D6E4F666-B221-485F-A655-62C97CDA05A7}.Release|Any CPU.ActiveCfg = Release|Any CPU
		{D6E4F666-B221-485F-A655-62C97CDA05A7}.Release|Any CPU.Build.0 = Release|Any CPU
	EndGlobalSection
EndGlobal
